
Microsoft Visual Studio Solution File, Format Version 12.00
# Visual Studio Version 17
VisualStudioVersion = 17.0.31903.59
MinimumVisualStudioVersion = 10.0.40219.1
Project("{FAE04EC0-301F-11D3-BF4B-00C04F79EFBC}") = "ASPNETServiceLifeTimeSample", "ASPNETServiceLifeTimeSample\ASPNETServiceLifeTimeSample.csproj", "{CEB9D727-2365-4E9A-AEE5-EBE6AF984331}"
EndProject
Global
	GlobalSection(SolutionConfigurationPlatforms) = preSolution
		Debug|Any CPU = Debug|Any CPU
		Release|Any CPU = Release|Any CPU
	EndGlobalSection
	GlobalSection(ProjectConfigurationPlatforms) = postSolution
		{CEB9D727-2365-4E9A-AEE5-EBE6AF984331}.Debug|Any CPU.ActiveCfg = Debug|Any CPU
		{CEB9D727-2365-4E9A-AEE5-EBE6AF984331}.Debug|Any CPU.Build.0 = Debug|Any CPU
		{CEB9D727-2365-4E9A-AEE5-EBE6AF984331}.Release|Any CPU.ActiveCfg = Release|Any CPU
		{CEB9D727-2365-4E9A-AEE5-EBE6AF984331}.Release|Any CPU.Build.0 = Release|Any CPU
	EndGlobalSection
	GlobalSection(SolutionProperties) = preSolution
		HideSolutionNode = FALSE
	EndGlobalSection
EndGlobal
